
Microsoft Visual Studio Solution File, Format Version 12.00
# Visual Studio Version 17
VisualStudioVersion = 17.9.34714.143
MinimumVisualStudioVersion = 10.0.40219.1
Project("{FAE04EC0-301F-11D3-BF4B-00C04F79EFBC}") = "Single.Entities", "Single.Entities\Single.Entities.csproj", "{DBB5C0C6-E8CA-4F53-A90B-D7FE7432F257}"
EndProject
Project("{FAE04EC0-301F-11D3-BF4B-00C04F79EFBC}") = "Single.Services", "Single.Services\Single.Services.csproj", "{BEE661FB-BCF4-4EDB-A43D-97D590487D4B}"
EndProject
Project("{FAE04EC0-301F-11D3-BF4B-00C04F79EFBC}") = "Single", "Single\Single.csproj", "{D60290C5-2483-4C4F-B201-85E33CA42A7F}"
EndProject
Global
	GlobalSection(SolutionConfigurationPlatforms) = preSolution
		Debug|Any CPU = Debug|Any CPU
		Release|Any CPU = Release|Any CPU
	EndGlobalSection
	GlobalSection(ProjectConfigurationPlatforms) = postSolution
		{DBB5C0C6-E8CA-4F53-A90B-D7FE7432F257}.Debug|Any CPU.ActiveCfg = Debug|Any CPU
		{DBB5C0C6-E8CA-4F53-A90B-D7FE7432F257}.Debug|Any CPU.Build.0 = Debug|Any CPU
		{DBB5C0C6-E8CA-4F53-A90B-D7FE7432F257}.Release|Any CPU.ActiveCfg = Release|Any CPU
		{DBB5C0C6-E8CA-4F53-A90B-D7FE7432F257}.Release|Any CPU.Build.0 = Release|Any CPU
		{BEE661FB-BCF4-4EDB-A43D-97D590487D4B}.Debug|Any CPU.ActiveCfg = Debug|Any CPU
		{BEE661FB-BCF4-4EDB-A43D-97D590487D4B}.Debug|Any CPU.Build.0 = Debug|Any CPU
		{BEE661FB-BCF4-4EDB-A43D-97D590487D4B}.Release|Any CPU.ActiveCfg = Release|Any CPU
		{BEE661FB-BCF4-4EDB-A43D-97D590487D4B}.Release|Any CPU.Build.0 = Release|Any CPU
		{D60290C5-2483-4C4F-B201-85E33CA42A7F}.Debug|Any CPU.ActiveCfg = Debug|Any CPU
		{D60290C5-2483-4C4F-B201-85E33CA42A7F}.Debug|Any CPU.Build.0 = Debug|Any CPU
		{D60290C5-2483-4C4F-B201-85E33CA42A7F}.Release|Any CPU.ActiveCfg = Release|Any CPU
		{D60290C5-2483-4C4F-B201-85E33CA42A7F}.Release|Any CPU.Build.0 = Release|Any CPU
	EndGlobalSection
	GlobalSection(SolutionProperties) = preSolution
		HideSolutionNode = FALSE
	EndGlobalSection
	GlobalSection(ExtensibilityGlobals) = postSolution
		SolutionGuid = {CA9ED403-C356-4275-BEAC-8082DDA58CBA}
	EndGlobalSection
EndGlobal
